
Microsoft Visual Studio Solution File, Format Version 12.00
# Visual Studio Version 17
VisualStudioVersion = 17.4.33205.214
MinimumVisualStudioVersion = 10.0.40219.1
Project("{FAE04EC0-301F-11D3-BF4B-00C04F79EFBC}") = "Lists", "Lists\Lists.csproj", "{196A154B-2AF8-4BE4-B4FF-35368C1F872F}"
EndProject
Global
	GlobalSection(SolutionConfigurationPlatforms) = preSolution
		Debug|Any CPU = Debug|Any CPU
		Release|Any CPU = Release|Any CPU
	EndGlobalSection
	GlobalSection(ProjectConfigurationPlatforms) = postSolution
		{196A154B-2AF8-4BE4-B4FF-35368C1F872F}.Debug|Any CPU.ActiveCfg = Debug|Any CPU
		{196A154B-2AF8-4BE4-B4FF-35368C1F872F}.Debug|Any CPU.Build.0 = Debug|Any CPU
		{196A154B-2AF8-4BE4-B4FF-35368C1F872F}.Release|Any CPU.ActiveCfg = Release|Any CPU
		{196A154B-2AF8-4BE4-B4FF-35368C1F872F}.Release|Any CPU.Build.0 = Release|Any CPU
	EndGlobalSection
	GlobalSection(SolutionProperties) = preSolution
		HideSolutionNode = FALSE
	EndGlobalSection
	GlobalSection(ExtensibilityGlobals) = postSolution
		SolutionGuid = {043DEA70-8F35-4D71-AA57-CF327B2CBBBB}
	EndGlobalSection
EndGlobal
